
Microsoft Visual Studio Solution File, Format Version 12.00
# Visual Studio Version 17
VisualStudioVersion = 17.9.34728.123
MinimumVisualStudioVersion = 10.0.40219.1
Project("{FAE04EC0-301F-11D3-BF4B-00C04F79EFBC}") = "TSC", "TSC.csproj", "{0E99A974-94C5-43E3-B4C9-2D5787079551}"
EndProject
Global
	GlobalSection(SolutionConfigurationPlatforms) = preSolution
		Debug|Any CPU = Debug|Any CPU
		Release|Any CPU = Release|Any CPU
	EndGlobalSection
	GlobalSection(ProjectConfigurationPlatforms) = postSolution
		{0E99A974-94C5-43E3-B4C9-2D5787079551}.Debug|Any CPU.ActiveCfg = Debug|Any CPU
		{0E99A974-94C5-43E3-B4C9-2D5787079551}.Debug|Any CPU.Build.0 = Debug|Any CPU
		{0E99A974-94C5-43E3-B4C9-2D5787079551}.Release|Any CPU.ActiveCfg = Release|Any CPU
		{0E99A974-94C5-43E3-B4C9-2D5787079551}.Release|Any CPU.Build.0 = Release|Any CPU
	EndGlobalSection
	GlobalSection(SolutionProperties) = preSolution
		HideSolutionNode = FALSE
	EndGlobalSection
	GlobalSection(ExtensibilityGlobals) = postSolution
		SolutionGuid = {FE348EAC-63BE-4DB9-983E-B2E7F5B9D92E}
	EndGlobalSection
EndGlobal
