
Microsoft Visual Studio Solution File, Format Version 12.00
# Visual Studio Version 17
VisualStudioVersion = 17.9.34728.123
MinimumVisualStudioVersion = 10.0.40219.1
Project("{FAE04EC0-301F-11D3-BF4B-00C04F79EFBC}") = "labels", "labels.csproj", "{5848A84F-63A8-4320-9605-162469865DC2}"
EndProject
Global
	GlobalSection(SolutionConfigurationPlatforms) = preSolution
		Debug|Any CPU = Debug|Any CPU
		Release|Any CPU = Release|Any CPU
	EndGlobalSection
	GlobalSection(ProjectConfigurationPlatforms) = postSolution
		{5848A84F-63A8-4320-9605-162469865DC2}.Debug|Any CPU.ActiveCfg = Debug|Any CPU
		{5848A84F-63A8-4320-9605-162469865DC2}.Debug|Any CPU.Build.0 = Debug|Any CPU
		{5848A84F-63A8-4320-9605-162469865DC2}.Release|Any CPU.ActiveCfg = Release|Any CPU
		{5848A84F-63A8-4320-9605-162469865DC2}.Release|Any CPU.Build.0 = Release|Any CPU
	EndGlobalSection
	GlobalSection(SolutionProperties) = preSolution
		HideSolutionNode = FALSE
	EndGlobalSection
	GlobalSection(ExtensibilityGlobals) = postSolution
		SolutionGuid = {47F85261-FDD2-4D2C-B6B0-CA43A9DC136A}
	EndGlobalSection
EndGlobal
