
Microsoft Visual Studio Solution File, Format Version 12.00
# Visual Studio Version 17
VisualStudioVersion = 17.9.34728.123
MinimumVisualStudioVersion = 10.0.40219.1
Project("{FAE04EC0-301F-11D3-BF4B-00C04F79EFBC}") = "mascara", "mascara.csproj", "{38F2CF75-673B-46A3-AB80-070B35D87A89}"
EndProject
Global
	GlobalSection(SolutionConfigurationPlatforms) = preSolution
		Debug|Any CPU = Debug|Any CPU
		Release|Any CPU = Release|Any CPU
	EndGlobalSection
	GlobalSection(ProjectConfigurationPlatforms) = postSolution
		{38F2CF75-673B-46A3-AB80-070B35D87A89}.Debug|Any CPU.ActiveCfg = Debug|Any CPU
		{38F2CF75-673B-46A3-AB80-070B35D87A89}.Debug|Any CPU.Build.0 = Debug|Any CPU
		{38F2CF75-673B-46A3-AB80-070B35D87A89}.Release|Any CPU.ActiveCfg = Release|Any CPU
		{38F2CF75-673B-46A3-AB80-070B35D87A89}.Release|Any CPU.Build.0 = Release|Any CPU
	EndGlobalSection
	GlobalSection(SolutionProperties) = preSolution
		HideSolutionNode = FALSE
	EndGlobalSection
	GlobalSection(ExtensibilityGlobals) = postSolution
		SolutionGuid = {04A5FA36-74E2-4344-8E90-C2306F2AD0BC}
	EndGlobalSection
EndGlobal
