
Microsoft Visual Studio Solution File, Format Version 12.00
# Visual Studio Version 17
VisualStudioVersion = 17.5.002.0
MinimumVisualStudioVersion = 10.0.40219.1
Project("{9A19103F-16F7-4668-BE54-9A1E7A4F7556}") = "suporte calculadora", "suporte calculadora.csproj", "{E948CC74-09F7-4BE6-8AAF-EAC821A13AC5}"
EndProject
Global
	GlobalSection(SolutionConfigurationPlatforms) = preSolution
		Debug|Any CPU = Debug|Any CPU
		Release|Any CPU = Release|Any CPU
	EndGlobalSection
	GlobalSection(ProjectConfigurationPlatforms) = postSolution
		{E948CC74-09F7-4BE6-8AAF-EAC821A13AC5}.Debug|Any CPU.ActiveCfg = Debug|Any CPU
		{E948CC74-09F7-4BE6-8AAF-EAC821A13AC5}.Debug|Any CPU.Build.0 = Debug|Any CPU
		{E948CC74-09F7-4BE6-8AAF-EAC821A13AC5}.Release|Any CPU.ActiveCfg = Release|Any CPU
		{E948CC74-09F7-4BE6-8AAF-EAC821A13AC5}.Release|Any CPU.Build.0 = Release|Any CPU
	EndGlobalSection
	GlobalSection(SolutionProperties) = preSolution
		HideSolutionNode = FALSE
	EndGlobalSection
	GlobalSection(ExtensibilityGlobals) = postSolution
		SolutionGuid = {0ACD8AC3-F4CB-4075-9A9C-A89A974673D2}
	EndGlobalSection
EndGlobal
