
Microsoft Visual Studio Solution File, Format Version 12.00
# Visual Studio Version 17
VisualStudioVersion = 17.9.34728.123
MinimumVisualStudioVersion = 10.0.40219.1
Project("{FAE04EC0-301F-11D3-BF4B-00C04F79EFBC}") = "radiobutton", "radiobutton.csproj", "{D40D09DC-1914-4D1E-A3DF-4138A3F8BB1D}"
EndProject
Global
	GlobalSection(SolutionConfigurationPlatforms) = preSolution
		Debug|Any CPU = Debug|Any CPU
		Release|Any CPU = Release|Any CPU
	EndGlobalSection
	GlobalSection(ProjectConfigurationPlatforms) = postSolution
		{D40D09DC-1914-4D1E-A3DF-4138A3F8BB1D}.Debug|Any CPU.ActiveCfg = Debug|Any CPU
		{D40D09DC-1914-4D1E-A3DF-4138A3F8BB1D}.Debug|Any CPU.Build.0 = Debug|Any CPU
		{D40D09DC-1914-4D1E-A3DF-4138A3F8BB1D}.Release|Any CPU.ActiveCfg = Release|Any CPU
		{D40D09DC-1914-4D1E-A3DF-4138A3F8BB1D}.Release|Any CPU.Build.0 = Release|Any CPU
	EndGlobalSection
	GlobalSection(SolutionProperties) = preSolution
		HideSolutionNode = FALSE
	EndGlobalSection
	GlobalSection(ExtensibilityGlobals) = postSolution
		SolutionGuid = {8969D204-D2EE-4B29-9E1D-B69310260A03}
	EndGlobalSection
EndGlobal
