
Microsoft Visual Studio Solution File, Format Version 12.00
# Visual Studio Version 17
VisualStudioVersion = 17.9.34728.123
MinimumVisualStudioVersion = 10.0.40219.1
Project("{FAE04EC0-301F-11D3-BF4B-00C04F79EFBC}") = "resources", "resources.csproj", "{183E1F5E-9FA1-4CF3-A220-5A2F25B5267F}"
EndProject
Global
	GlobalSection(SolutionConfigurationPlatforms) = preSolution
		Debug|Any CPU = Debug|Any CPU
		Release|Any CPU = Release|Any CPU
	EndGlobalSection
	GlobalSection(ProjectConfigurationPlatforms) = postSolution
		{183E1F5E-9FA1-4CF3-A220-5A2F25B5267F}.Debug|Any CPU.ActiveCfg = Debug|Any CPU
		{183E1F5E-9FA1-4CF3-A220-5A2F25B5267F}.Debug|Any CPU.Build.0 = Debug|Any CPU
		{183E1F5E-9FA1-4CF3-A220-5A2F25B5267F}.Release|Any CPU.ActiveCfg = Release|Any CPU
		{183E1F5E-9FA1-4CF3-A220-5A2F25B5267F}.Release|Any CPU.Build.0 = Release|Any CPU
	EndGlobalSection
	GlobalSection(SolutionProperties) = preSolution
		HideSolutionNode = FALSE
	EndGlobalSection
	GlobalSection(ExtensibilityGlobals) = postSolution
		SolutionGuid = {DBB32D34-4C16-42E6-8964-2D6906C3D55E}
	EndGlobalSection
EndGlobal
